
Microsoft Visual Studio Solution File, Format Version 12.00
# Visual Studio Version 17
VisualStudioVersion = 17.4.33103.184
MinimumVisualStudioVersion = 10.0.40219.1
Project("{FAE04EC0-301F-11D3-BF4B-00C04F79EFBC}") = "JustANormalProject.webapi", "JustANormalProject.webapi.csproj", "{0A0938F8-0246-41D0-919C-BA480DB6E6EA}"
EndProject
Global
	GlobalSection(SolutionConfigurationPlatforms) = preSolution
		Debug|Any CPU = Debug|Any CPU
		Release|Any CPU = Release|Any CPU
	EndGlobalSection
	GlobalSection(ProjectConfigurationPlatforms) = postSolution
		{0A0938F8-0246-41D0-919C-BA480DB6E6EA}.Debug|Any CPU.ActiveCfg = Debug|Any CPU
		{0A0938F8-0246-41D0-919C-BA480DB6E6EA}.Debug|Any CPU.Build.0 = Debug|Any CPU
		{0A0938F8-0246-41D0-919C-BA480DB6E6EA}.Release|Any CPU.ActiveCfg = Release|Any CPU
		{0A0938F8-0246-41D0-919C-BA480DB6E6EA}.Release|Any CPU.Build.0 = Release|Any CPU
	EndGlobalSection
	GlobalSection(SolutionProperties) = preSolution
		HideSolutionNode = FALSE
	EndGlobalSection
	GlobalSection(ExtensibilityGlobals) = postSolution
		SolutionGuid = {B398A794-95CC-49EB-A0F4-A9CD7017D5D7}
	EndGlobalSection
EndGlobal
